
Microsoft Visual Studio Solution File, Format Version 12.00
# Visual Studio Version 16
VisualStudioVersion = 16.0.29311.281
MinimumVisualStudioVersion = 10.0.40219.1
Project("{FAE04EC0-301F-11D3-BF4B-00C04F79EFBC}") = "wiki-update-companion", "wiki-update-companion.csproj", "{480286FE-9262-4CF9-8864-C27695232303}"
EndProject
Global
	GlobalSection(SolutionConfigurationPlatforms) = preSolution
		Debug|Any CPU = Debug|Any CPU
		Release|Any CPU = Release|Any CPU
	EndGlobalSection
	GlobalSection(ProjectConfigurationPlatforms) = postSolution
		{480286FE-9262-4CF9-8864-C27695232303}.Debug|Any CPU.ActiveCfg = Debug|Any CPU
		{480286FE-9262-4CF9-8864-C27695232303}.Debug|Any CPU.Build.0 = Debug|Any CPU
		{480286FE-9262-4CF9-8864-C27695232303}.Release|Any CPU.ActiveCfg = Release|Any CPU
		{480286FE-9262-4CF9-8864-C27695232303}.Release|Any CPU.Build.0 = Release|Any CPU
	EndGlobalSection
	GlobalSection(SolutionProperties) = preSolution
		HideSolutionNode = FALSE
	EndGlobalSection
	GlobalSection(ExtensibilityGlobals) = postSolution
		SolutionGuid = {7AE74798-3A26-42C9-BB18-D9ED5525289F}
	EndGlobalSection
EndGlobal
